
Microsoft Visual Studio Solution File, Format Version 12.00
# Visual Studio 14
VisualStudioVersion = 14.0.25420.1
MinimumVisualStudioVersion = 10.0.40219.1
Project("{8BC9CEB8-8B4A-11D0-8D11-00A0C91BC942}") = "SCA", "SCA\SCA.vcxproj", "{5E659896-EAB0-4C00-BCA1-845806EF826F}"
EndProject
Project("{8BC9CEB8-8B4A-11D0-8D11-00A0C91BC942}") = "ode", "SCA\ode-0.12\build\vs2012\ode.vcxproj", "{D4AB940E-3762-594D-84C1-645DAD8AEDFB}"
EndProject
Global
	GlobalSection(SolutionConfigurationPlatforms) = preSolution
		Debug|Win32 = Debug|Win32
		Debug|x64 = Debug|x64
		Debug|x86 = Debug|x86
		DebugDoubleDLL|Win32 = DebugDoubleDLL|Win32
		DebugDoubleDLL|x64 = DebugDoubleDLL|x64
		DebugDoubleDLL|x86 = DebugDoubleDLL|x86
		DebugDoubleLib|Win32 = DebugDoubleLib|Win32
		DebugDoubleLib|x64 = DebugDoubleLib|x64
		DebugDoubleLib|x86 = DebugDoubleLib|x86
		DebugSingleDLL|Win32 = DebugSingleDLL|Win32
		DebugSingleDLL|x64 = DebugSingleDLL|x64
		DebugSingleDLL|x86 = DebugSingleDLL|x86
		DebugSingleLib|Win32 = DebugSingleLib|Win32
		DebugSingleLib|x64 = DebugSingleLib|x64
		DebugSingleLib|x86 = DebugSingleLib|x86
		Release|Win32 = Release|Win32
		Release|x64 = Release|x64
		Release|x86 = Release|x86
		ReleaseDoubleDLL|Win32 = ReleaseDoubleDLL|Win32
		ReleaseDoubleDLL|x64 = ReleaseDoubleDLL|x64
		ReleaseDoubleDLL|x86 = ReleaseDoubleDLL|x86
		ReleaseDoubleLib|Win32 = ReleaseDoubleLib|Win32
		ReleaseDoubleLib|x64 = ReleaseDoubleLib|x64
		ReleaseDoubleLib|x86 = ReleaseDoubleLib|x86
		ReleaseSingleDLL|Win32 = ReleaseSingleDLL|Win32
		ReleaseSingleDLL|x64 = ReleaseSingleDLL|x64
		ReleaseSingleDLL|x86 = ReleaseSingleDLL|x86
		ReleaseSingleLib|Win32 = ReleaseSingleLib|Win32
		ReleaseSingleLib|x64 = ReleaseSingleLib|x64
		ReleaseSingleLib|x86 = ReleaseSingleLib|x86
	EndGlobalSection
	GlobalSection(ProjectConfigurationPlatforms) = postSolution
		{5E659896-EAB0-4C00-BCA1-845806EF826F}.Debug|Win32.ActiveCfg = Debug|Win32
		{5E659896-EAB0-4C00-BCA1-845806EF826F}.Debug|Win32.Build.0 = Debug|Win32
		{5E659896-EAB0-4C00-BCA1-845806EF826F}.Debug|x64.ActiveCfg = Debug|x64
		{5E659896-EAB0-4C00-BCA1-845806EF826F}.Debug|x64.Build.0 = Debug|x64
		{5E659896-EAB0-4C00-BCA1-845806EF826F}.Debug|x86.ActiveCfg = Debug|Win32
		{5E659896-EAB0-4C00-BCA1-845806EF826F}.Debug|x86.Build.0 = Debug|Win32
		{5E659896-EAB0-4C00-BCA1-845806EF826F}.DebugDoubleDLL|Win32.ActiveCfg = Debug|Win32
		{5E659896-EAB0-4C00-BCA1-845806EF826F}.DebugDoubleDLL|Win32.Build.0 = Debug|Win32
		{5E659896-EAB0-4C00-BCA1-845806EF826F}.DebugDoubleDLL|x64.ActiveCfg = Debug|x64
		{5E659896-EAB0-4C00-BCA1-845806EF826F}.DebugDoubleDLL|x64.Build.0 = Debug|x64
		{5E659896-EAB0-4C00-BCA1-845806EF826F}.DebugDoubleDLL|x86.ActiveCfg = Debug|Win32
		{5E659896-EAB0-4C00-BCA1-845806EF826F}.DebugDoubleDLL|x86.Build.0 = Debug|Win32
		{5E659896-EAB0-4C00-BCA1-845806EF826F}.DebugDoubleLib|Win32.ActiveCfg = Debug|Win32
		{5E659896-EAB0-4C00-BCA1-845806EF826F}.DebugDoubleLib|Win32.Build.0 = Debug|Win32
		{5E659896-EAB0-4C00-BCA1-845806EF826F}.DebugDoubleLib|x64.ActiveCfg = Debug|x64
		{5E659896-EAB0-4C00-BCA1-845806EF826F}.DebugDoubleLib|x64.Build.0 = Debug|x64
		{5E659896-EAB0-4C00-BCA1-845806EF826F}.DebugDoubleLib|x86.ActiveCfg = Debug|Win32
		{5E659896-EAB0-4C00-BCA1-845806EF826F}.DebugDoubleLib|x86.Build.0 = Debug|Win32
		{5E659896-EAB0-4C00-BCA1-845806EF826F}.DebugSingleDLL|Win32.ActiveCfg = Debug|Win32
		{5E659896-EAB0-4C00-BCA1-845806EF826F}.DebugSingleDLL|Win32.Build.0 = Debug|Win32
		{5E659896-EAB0-4C00-BCA1-845806EF826F}.DebugSingleDLL|x64.ActiveCfg = Debug|x64
		{5E659896-EAB0-4C00-BCA1-845806EF826F}.DebugSingleDLL|x64.Build.0 = Debug|x64
		{5E659896-EAB0-4C00-BCA1-845806EF826F}.DebugSingleDLL|x86.ActiveCfg = Debug|Win32
		{5E659896-EAB0-4C00-BCA1-845806EF826F}.DebugSingleDLL|x86.Build.0 = Debug|Win32
		{5E659896-EAB0-4C00-BCA1-845806EF826F}.DebugSingleLib|Win32.ActiveCfg = Debug|Win32
		{5E659896-EAB0-4C00-BCA1-845806EF826F}.DebugSingleLib|Win32.Build.0 = Debug|Win32
		{5E659896-EAB0-4C00-BCA1-845806EF826F}.DebugSingleLib|x64.ActiveCfg = Debug|x64
		{5E659896-EAB0-4C00-BCA1-845806EF826F}.DebugSingleLib|x64.Build.0 = Debug|x64
		{5E659896-EAB0-4C00-BCA1-845806EF826F}.DebugSingleLib|x86.ActiveCfg = Debug|Win32
		{5E659896-EAB0-4C00-BCA1-845806EF826F}.DebugSingleLib|x86.Build.0 = Debug|Win32
		{5E659896-EAB0-4C00-BCA1-845806EF826F}.Release|Win32.ActiveCfg = Release|Win32
		{5E659896-EAB0-4C00-BCA1-845806EF826F}.Release|Win32.Build.0 = Release|Win32
		{5E659896-EAB0-4C00-BCA1-845806EF826F}.Release|x64.ActiveCfg = Release|Win32
		{5E659896-EAB0-4C00-BCA1-845806EF826F}.Release|x64.Build.0 = Release|Win32
		{5E659896-EAB0-4C00-BCA1-845806EF826F}.Release|x86.ActiveCfg = Release|Win32
		{5E659896-EAB0-4C00-BCA1-845806EF826F}.Release|x86.Build.0 = Release|Win32
		{5E659896-EAB0-4C00-BCA1-845806EF826F}.ReleaseDoubleDLL|Win32.ActiveCfg = Release|Win32
		{5E659896-EAB0-4C00-BCA1-845806EF826F}.ReleaseDoubleDLL|Win32.Build.0 = Release|Win32
		{5E659896-EAB0-4C00-BCA1-845806EF826F}.ReleaseDoubleDLL|x64.ActiveCfg = Release|x64
		{5E659896-EAB0-4C00-BCA1-845806EF826F}.ReleaseDoubleDLL|x64.Build.0 = Release|x64
		{5E659896-EAB0-4C00-BCA1-845806EF826F}.ReleaseDoubleDLL|x86.ActiveCfg = Release|Win32
		{5E659896-EAB0-4C00-BCA1-845806EF826F}.ReleaseDoubleDLL|x86.Build.0 = Release|Win32
		{5E659896-EAB0-4C00-BCA1-845806EF826F}.ReleaseDoubleLib|Win32.ActiveCfg = Release|Win32
		{5E659896-EAB0-4C00-BCA1-845806EF826F}.ReleaseDoubleLib|Win32.Build.0 = Release|Win32
		{5E659896-EAB0-4C00-BCA1-845806EF826F}.ReleaseDoubleLib|x64.ActiveCfg = Release|x64
		{5E659896-EAB0-4C00-BCA1-845806EF826F}.ReleaseDoubleLib|x64.Build.0 = Release|x64
		{5E659896-EAB0-4C00-BCA1-845806EF826F}.ReleaseDoubleLib|x86.ActiveCfg = Release|Win32
		{5E659896-EAB0-4C00-BCA1-845806EF826F}.ReleaseDoubleLib|x86.Build.0 = Release|Win32
		{5E659896-EAB0-4C00-BCA1-845806EF826F}.ReleaseSingleDLL|Win32.ActiveCfg = Release|Win32
		{5E659896-EAB0-4C00-BCA1-845806EF826F}.ReleaseSingleDLL|Win32.Build.0 = Release|Win32
		{5E659896-EAB0-4C00-BCA1-845806EF826F}.ReleaseSingleDLL|x64.ActiveCfg = Release|x64
		{5E659896-EAB0-4C00-BCA1-845806EF826F}.ReleaseSingleDLL|x64.Build.0 = Release|x64
		{5E659896-EAB0-4C00-BCA1-845806EF826F}.ReleaseSingleDLL|x86.ActiveCfg = Release|Win32
		{5E659896-EAB0-4C00-BCA1-845806EF826F}.ReleaseSingleDLL|x86.Build.0 = Release|Win32
		{5E659896-EAB0-4C00-BCA1-845806EF826F}.ReleaseSingleLib|Win32.ActiveCfg = Release|Win32
		{5E659896-EAB0-4C00-BCA1-845806EF826F}.ReleaseSingleLib|Win32.Build.0 = Release|Win32
		{5E659896-EAB0-4C00-BCA1-845806EF826F}.ReleaseSingleLib|x64.ActiveCfg = Release|x64
		{5E659896-EAB0-4C00-BCA1-845806EF826F}.ReleaseSingleLib|x64.Build.0 = Release|x64
		{5E659896-EAB0-4C00-BCA1-845806EF826F}.ReleaseSingleLib|x86.ActiveCfg = Release|Win32
		{5E659896-EAB0-4C00-BCA1-845806EF826F}.ReleaseSingleLib|x86.Build.0 = Release|Win32
		{D4AB940E-3762-594D-84C1-645DAD8AEDFB}.Debug|Win32.ActiveCfg = DebugSingleLib|Win32
		{D4AB940E-3762-594D-84C1-645DAD8AEDFB}.Debug|Win32.Build.0 = DebugSingleLib|Win32
		{D4AB940E-3762-594D-84C1-645DAD8AEDFB}.Debug|x64.ActiveCfg = DebugSingleDLL|Win32
		{D4AB940E-3762-594D-84C1-645DAD8AEDFB}.Debug|x64.Build.0 = DebugSingleDLL|Win32
		{D4AB940E-3762-594D-84C1-645DAD8AEDFB}.Debug|x86.ActiveCfg = DebugSingleDLL|Win32
		{D4AB940E-3762-594D-84C1-645DAD8AEDFB}.Debug|x86.Build.0 = DebugSingleDLL|Win32
		{D4AB940E-3762-594D-84C1-645DAD8AEDFB}.DebugDoubleDLL|Win32.ActiveCfg = DebugDoubleDLL|Win32
		{D4AB940E-3762-594D-84C1-645DAD8AEDFB}.DebugDoubleDLL|Win32.Build.0 = DebugDoubleDLL|Win32
		{D4AB940E-3762-594D-84C1-645DAD8AEDFB}.DebugDoubleDLL|x64.ActiveCfg = DebugDoubleDLL|Win32
		{D4AB940E-3762-594D-84C1-645DAD8AEDFB}.DebugDoubleDLL|x86.ActiveCfg = DebugDoubleDLL|Win32
		{D4AB940E-3762-594D-84C1-645DAD8AEDFB}.DebugDoubleDLL|x86.Build.0 = DebugDoubleDLL|Win32
		{D4AB940E-3762-594D-84C1-645DAD8AEDFB}.DebugDoubleLib|Win32.ActiveCfg = DebugDoubleLib|Win32
		{D4AB940E-3762-594D-84C1-645DAD8AEDFB}.DebugDoubleLib|Win32.Build.0 = DebugDoubleLib|Win32
		{D4AB940E-3762-594D-84C1-645DAD8AEDFB}.DebugDoubleLib|x64.ActiveCfg = DebugDoubleLib|Win32
		{D4AB940E-3762-594D-84C1-645DAD8AEDFB}.DebugDoubleLib|x86.ActiveCfg = DebugDoubleLib|Win32
		{D4AB940E-3762-594D-84C1-645DAD8AEDFB}.DebugDoubleLib|x86.Build.0 = DebugDoubleLib|Win32
		{D4AB940E-3762-594D-84C1-645DAD8AEDFB}.DebugSingleDLL|Win32.ActiveCfg = DebugSingleDLL|Win32
		{D4AB940E-3762-594D-84C1-645DAD8AEDFB}.DebugSingleDLL|Win32.Build.0 = DebugSingleDLL|Win32
		{D4AB940E-3762-594D-84C1-645DAD8AEDFB}.DebugSingleDLL|x64.ActiveCfg = DebugSingleDLL|Win32
		{D4AB940E-3762-594D-84C1-645DAD8AEDFB}.DebugSingleDLL|x86.ActiveCfg = DebugSingleDLL|Win32
		{D4AB940E-3762-594D-84C1-645DAD8AEDFB}.DebugSingleDLL|x86.Build.0 = DebugSingleDLL|Win32
		{D4AB940E-3762-594D-84C1-645DAD8AEDFB}.DebugSingleLib|Win32.ActiveCfg = DebugSingleLib|Win32
		{D4AB940E-3762-594D-84C1-645DAD8AEDFB}.DebugSingleLib|Win32.Build.0 = DebugSingleLib|Win32
		{D4AB940E-3762-594D-84C1-645DAD8AEDFB}.DebugSingleLib|x64.ActiveCfg = DebugSingleLib|Win32
		{D4AB940E-3762-594D-84C1-645DAD8AEDFB}.DebugSingleLib|x86.ActiveCfg = DebugSingleLib|Win32
		{D4AB940E-3762-594D-84C1-645DAD8AEDFB}.DebugSingleLib|x86.Build.0 = DebugSingleLib|Win32
		{D4AB940E-3762-594D-84C1-645DAD8AEDFB}.Release|Win32.ActiveCfg = ReleaseSingleLib|Win32
		{D4AB940E-3762-594D-84C1-645DAD8AEDFB}.Release|Win32.Build.0 = ReleaseSingleLib|Win32
		{D4AB940E-3762-594D-84C1-645DAD8AEDFB}.Release|x64.ActiveCfg = ReleaseSingleDLL|Win32
		{D4AB940E-3762-594D-84C1-645DAD8AEDFB}.Release|x64.Build.0 = ReleaseSingleDLL|Win32
		{D4AB940E-3762-594D-84C1-645DAD8AEDFB}.Release|x86.ActiveCfg = ReleaseSingleDLL|Win32
		{D4AB940E-3762-594D-84C1-645DAD8AEDFB}.Release|x86.Build.0 = ReleaseSingleDLL|Win32
		{D4AB940E-3762-594D-84C1-645DAD8AEDFB}.ReleaseDoubleDLL|Win32.ActiveCfg = ReleaseDoubleDLL|Win32
		{D4AB940E-3762-594D-84C1-645DAD8AEDFB}.ReleaseDoubleDLL|Win32.Build.0 = ReleaseDoubleDLL|Win32
		{D4AB940E-3762-594D-84C1-645DAD8AEDFB}.ReleaseDoubleDLL|x64.ActiveCfg = ReleaseDoubleDLL|Win32
		{D4AB940E-3762-594D-84C1-645DAD8AEDFB}.ReleaseDoubleDLL|x86.ActiveCfg = ReleaseDoubleDLL|Win32
		{D4AB940E-3762-594D-84C1-645DAD8AEDFB}.ReleaseDoubleDLL|x86.Build.0 = ReleaseDoubleDLL|Win32
		{D4AB940E-3762-594D-84C1-645DAD8AEDFB}.ReleaseDoubleLib|Win32.ActiveCfg = ReleaseDoubleLib|Win32
		{D4AB940E-3762-594D-84C1-645DAD8AEDFB}.ReleaseDoubleLib|Win32.Build.0 = ReleaseDoubleLib|Win32
		{D4AB940E-3762-594D-84C1-645DAD8AEDFB}.ReleaseDoubleLib|x64.ActiveCfg = ReleaseDoubleLib|Win32
		{D4AB940E-3762-594D-84C1-645DAD8AEDFB}.ReleaseDoubleLib|x86.ActiveCfg = ReleaseDoubleLib|Win32
		{D4AB940E-3762-594D-84C1-645DAD8AEDFB}.ReleaseDoubleLib|x86.Build.0 = ReleaseDoubleLib|Win32
		{D4AB940E-3762-594D-84C1-645DAD8AEDFB}.ReleaseSingleDLL|Win32.ActiveCfg = ReleaseSingleDLL|Win32
		{D4AB940E-3762-594D-84C1-645DAD8AEDFB}.ReleaseSingleDLL|Win32.Build.0 = ReleaseSingleDLL|Win32
		{D4AB940E-3762-594D-84C1-645DAD8AEDFB}.ReleaseSingleDLL|x64.ActiveCfg = ReleaseSingleDLL|Win32
		{D4AB940E-3762-594D-84C1-645DAD8AEDFB}.ReleaseSingleDLL|x86.ActiveCfg = ReleaseSingleDLL|Win32
		{D4AB940E-3762-594D-84C1-645DAD8AEDFB}.ReleaseSingleDLL|x86.Build.0 = ReleaseSingleDLL|Win32
		{D4AB940E-3762-594D-84C1-645DAD8AEDFB}.ReleaseSingleLib|Win32.ActiveCfg = ReleaseSingleLib|Win32
		{D4AB940E-3762-594D-84C1-645DAD8AEDFB}.ReleaseSingleLib|Win32.Build.0 = ReleaseSingleLib|Win32
		{D4AB940E-3762-594D-84C1-645DAD8AEDFB}.ReleaseSingleLib|x64.ActiveCfg = ReleaseSingleLib|Win32
		{D4AB940E-3762-594D-84C1-645DAD8AEDFB}.ReleaseSingleLib|x86.ActiveCfg = ReleaseSingleLib|Win32
		{D4AB940E-3762-594D-84C1-645DAD8AEDFB}.ReleaseSingleLib|x86.Build.0 = ReleaseSingleLib|Win32
	EndGlobalSection
	GlobalSection(SolutionProperties) = preSolution
		HideSolutionNode = FALSE
	EndGlobalSection
EndGlobal
